{
  "version": "5",
  "remote": {
    "https://deno.land/x/zipjs@v2.7.54/index.js": "6ae94bb4897a2c6f73df3f4c952f88b3ce76ba47892f86790b419c013926fb60",
    "https://deno.land/x/zipjs@v2.7.54/lib/core/codec-pool.js": "29b66c51fd756f7f6de5181fd574818e8bbe0c311e96c8c7d64f1c96d3f92089",
    "https://deno.land/x/zipjs@v2.7.54/lib/core/codec-worker.js": "8a2b2262e6a307fbd6cbacd8c7e3bfe0b88fe899e2e77f32dad2cba29549c358",
    "https://deno.land/x/zipjs@v2.7.54/lib/core/configuration.js": "baa316a63df2f8239f9d52cd4863eaedaddd34ad887b7513588da75d19e84932",
    "https://deno.land/x/zipjs@v2.7.54/lib/core/constants.js": "14fe1468b87cd0fe20c6f1fec916485f875d8592beba94c9241af4cbd12dd88f",
    "https://deno.land/x/zipjs@v2.7.54/lib/core/io.js": "3884028bae2696be0886dd5250ef7815303026897fc0e19a8c83a36857b3ae89",
    "https://deno.land/x/zipjs@v2.7.54/lib/core/streams/aes-crypto-stream.js": "8bc4f1490b64d8eb5850c88574ada77933c07b5052354804f19d729b8f4dd2e4",
    "https://deno.land/x/zipjs@v2.7.54/lib/core/streams/codec-stream.js": "1c0d9de91141bf89f49dc1e239dd22d75a3e46d38dd153aca1a6d48c231d4d85",
    "https://deno.land/x/zipjs@v2.7.54/lib/core/streams/codecs/crc32.js": "dfdde666f72b4a5ffc8cf5b1451e0db578ce4bd90de20df2cff5bfd47758cb23",
    "https://deno.land/x/zipjs@v2.7.54/lib/core/streams/codecs/deflate.js": "08c1b24d1845528f6db296570d690ecbe23c6c01c6cb26b561e601e770281c3a",
    "https://deno.land/x/zipjs@v2.7.54/lib/core/streams/codecs/inflate.js": "55d00eed332cf2c4f61e2ee23133e3257768d0608572ee3f9641a2921c3a6f67",
    "https://deno.land/x/zipjs@v2.7.54/lib/core/streams/codecs/sjcl.js": "462289c5312f01bba8a757a7a0f3d8f349f471183cb4c49fb73d58bba18a5428",
    "https://deno.land/x/zipjs@v2.7.54/lib/core/streams/common-crypto.js": "e3c28d03f3c2809d5bf69f31d01449679eb94cb76648e370145986313052436a",
    "https://deno.land/x/zipjs@v2.7.54/lib/core/streams/crc32-stream.js": "fad66e40ef3972154f4b11203169b0746dca093a8dffbc46ee228fad94ccf122",
    "https://deno.land/x/zipjs@v2.7.54/lib/core/streams/stream-adapter.js": "9e7f3fe1601cc447943cd37b5adb6d74c6e9c404d002e707e8eace7bc048929c",
    "https://deno.land/x/zipjs@v2.7.54/lib/core/streams/zip-crypto-stream.js": "19305af1e8296e7fa6763f3391d0b8149a1e09c659e1d1ff32a484448b18243c",
    "https://deno.land/x/zipjs@v2.7.54/lib/core/streams/zip-entry-stream.js": "8c7cf9c0476b83f3ad707fe0899796fca6da7ba2b98b532eb9b266613862d394",
    "https://deno.land/x/zipjs@v2.7.54/lib/core/util/cp437-decode.js": "d665ded184037ffe5d255be8f379f90416053e3d0d84fac95b28f4aeaab3d336",
    "https://deno.land/x/zipjs@v2.7.54/lib/core/util/decode-text.js": "c04a098fa7c16470c48b6abd4eb4ac48af53547de65e7c8f39b78ae62330ad57",
    "https://deno.land/x/zipjs@v2.7.54/lib/core/util/default-mime-type.js": "177ae00e1956d3d00cdefc40eb158cb591d3d24ede452c056d30f98d73d9cd73",
    "https://deno.land/x/zipjs@v2.7.54/lib/core/util/encode-text.js": "148916caf86339886f76f7585fb1fca5abafb6f684918962a3064fcda0a71f74",
    "https://deno.land/x/zipjs@v2.7.54/lib/core/util/mime-type.js": "78bfdfdb9a3e6627e6a5ec3e498a607bbb046d2650d5461d46fe2fe164fb3eaf",
    "https://deno.land/x/zipjs@v2.7.54/lib/core/util/stream-codec-shim.js": "438e7796d5a5c6030359f711e746240fe38a3ba900ac34249b33120d26776170",
    "https://deno.land/x/zipjs@v2.7.54/lib/core/zip-entry.js": "e82cad789f5f17ee70a5b6aaf25f9283e9e5894079e0a3c4a19d328de0a44edc",
    "https://deno.land/x/zipjs@v2.7.54/lib/core/zip-fs-core.js": "ca5d45d507a64572b8e4291d7d5086c109250e3ad49124070ea85e066c7a0bce",
    "https://deno.land/x/zipjs@v2.7.54/lib/core/zip-reader.js": "6f3497c48d00509ec9a8c2808f88ff9489f9051f137cf6bf24ab66c56abdad26",
    "https://deno.land/x/zipjs@v2.7.54/lib/core/zip-writer.js": "e9e7a1d7e15ca1432e45ee10c680b08e6906061665ce469efb417601ef9570e0",
    "https://deno.land/x/zipjs@v2.7.54/lib/z-worker-inline.js": "9b3e1a2f621c64a47692f3a656be150c1651e63485beccdefa0d9ab5b769c8f7",
    "https://deno.land/x/zipjs@v2.7.54/lib/zip-fs.js": "c18ebfe158361827beaa9aac7ad27f7535bcd1d118e1888bf948067363df1b47"
  }
}
